
Microsoft Visual Studio Solution File, Format Version 12.00
# Visual Studio 15
VisualStudioVersion = 15.0.28307.757
MinimumVisualStudioVersion = 10.0.40219.1
Project("{FAE04EC0-301F-11D3-BF4B-00C04F79EFBC}") = "ExamSelenium", "ExamSelenium\ExamSelenium.csproj", "{1A851049-31BA-410F-BDBF-F6DAE52A336E}"
EndProject
Global
	GlobalSection(SolutionConfigurationPlatforms) = preSolution
		Debug|Any CPU = Debug|Any CPU
		Release|Any CPU = Release|Any CPU
	EndGlobalSection
	GlobalSection(ProjectConfigurationPlatforms) = postSolution
		{1A851049-31BA-410F-BDBF-F6DAE52A336E}.Debug|Any CPU.ActiveCfg = Debug|Any CPU
		{1A851049-31BA-410F-BDBF-F6DAE52A336E}.Debug|Any CPU.Build.0 = Debug|Any CPU
		{1A851049-31BA-410F-BDBF-F6DAE52A336E}.Release|Any CPU.ActiveCfg = Release|Any CPU
		{1A851049-31BA-410F-BDBF-F6DAE52A336E}.Release|Any CPU.Build.0 = Release|Any CPU
	EndGlobalSection
	GlobalSection(SolutionProperties) = preSolution
		HideSolutionNode = FALSE
	EndGlobalSection
	GlobalSection(ExtensibilityGlobals) = postSolution
		SolutionGuid = {0E912433-5771-465B-81EE-03EA594986E4}
	EndGlobalSection
EndGlobal
